{
  "name": "frontend",
  "lockfileVersion": 3,
  "requires": true,
  "packages": {
    "": {
      "devDependencies": {
        "chrome-types": "^0.1.322"
      }
    },
    "node_modules/chrome-types": {
      "version": "0.1.322",
      "resolved": "https://registry.npmjs.org/chrome-types/-/chrome-types-0.1.322.tgz",
      "integrity": "sha512-Y94MSOJDSfbMUKK8g9tIf1yKyL814cBAOu/s9DRuq9lq9QsfoXZ3TebCblk1PCDOwDmHdw5H0/JzoD9aSJF6TA==",
      "dev": true,
      "license": "Apache-2.0"
    }
  }
}
